
Microsoft Visual Studio Solution File, Format Version 12.00
Project("{FAE04EC0-301F-11D3-BF4B-00C04F79EFBC}") = "ConsoleApplication.Core", "ConsoleApplication.Core\ConsoleApplication.Core.csproj", "{61BC875F-3E66-4773-8BEB-22F7F539A794}"
EndProject
Project("{2150E333-8FDC-42A3-9474-1A3956D46DE8}") = "ConsoleApplication", "ConsoleApplication", "{A8197779-8370-44AD-9623-0C71960F05E3}"
EndProject
Project("{2150E333-8FDC-42A3-9474-1A3956D46DE8}") = "Apis", "Apis", "{9C72912C-6C65-4CB5-B788-3C46502A90AF}"
EndProject
Project("{2150E333-8FDC-42A3-9474-1A3956D46DE8}") = "MVC", "MVC", "{C131239C-A584-47CD-AAFA-4AC7337EEE36}"
EndProject
Project("{FAE04EC0-301F-11D3-BF4B-00C04F79EFBC}") = "ConsoleApplication.Presentation", "ConsoleApplication.Presentation\ConsoleApplication.Presentation.csproj", "{D391C6B2-5EFA-4254-97F9-90C515778E73}"
EndProject
Project("{FAE04EC0-301F-11D3-BF4B-00C04F79EFBC}") = "Apis.Core", "Apis.Core\Apis.Core.csproj", "{8C541ADA-EBDA-4249-8B2F-89A2EAFD677F}"
EndProject
Project("{FAE04EC0-301F-11D3-BF4B-00C04F79EFBC}") = "Apis.Infrastructure", "Apis.Infrastructure\Apis.Infrastructure.csproj", "{CD21B2D3-3360-40B4-8AF0-CBF35278573A}"
EndProject
Project("{FAE04EC0-301F-11D3-BF4B-00C04F79EFBC}") = "Apis.Presentation", "Apis.Presentation\Apis.Presentation.csproj", "{51FBE892-5B1D-47B5-B3F2-BAC9F5070C31}"
EndProject
Project("{FAE04EC0-301F-11D3-BF4B-00C04F79EFBC}") = "ConsoleApplication.Infrastructure", "ConsoleApplication.Infrastructure\ConsoleApplication.Infrastructure.csproj", "{7A277719-019E-4AD0-AAE4-920B941F2C1E}"
EndProject
Project("{FAE04EC0-301F-11D3-BF4B-00C04F79EFBC}") = "MVC.Presentation", "MVC.Presentation\MVC.Presentation.csproj", "{B52BC736-F1F7-4246-BA3C-A708C3F23154}"
EndProject
Project("{FAE04EC0-301F-11D3-BF4B-00C04F79EFBC}") = "MVC.Infrastructure", "MVC.Infrastructure\MVC.Infrastructure.csproj", "{B4940192-1BD3-4675-96ED-411ACF8E7BA4}"
EndProject
Project("{FAE04EC0-301F-11D3-BF4B-00C04F79EFBC}") = "MVC.Core", "MVC.Core\MVC.Core.csproj", "{6872A1D4-D350-484F-A446-B3D71B960256}"
EndProject
Global
	GlobalSection(SolutionConfigurationPlatforms) = preSolution
		Debug|Any CPU = Debug|Any CPU
		Release|Any CPU = Release|Any CPU
	EndGlobalSection
	GlobalSection(ProjectConfigurationPlatforms) = postSolution
		{61BC875F-3E66-4773-8BEB-22F7F539A794}.Debug|Any CPU.ActiveCfg = Debug|Any CPU
		{61BC875F-3E66-4773-8BEB-22F7F539A794}.Debug|Any CPU.Build.0 = Debug|Any CPU
		{61BC875F-3E66-4773-8BEB-22F7F539A794}.Release|Any CPU.ActiveCfg = Release|Any CPU
		{61BC875F-3E66-4773-8BEB-22F7F539A794}.Release|Any CPU.Build.0 = Release|Any CPU
		{D391C6B2-5EFA-4254-97F9-90C515778E73}.Debug|Any CPU.ActiveCfg = Debug|Any CPU
		{D391C6B2-5EFA-4254-97F9-90C515778E73}.Debug|Any CPU.Build.0 = Debug|Any CPU
		{D391C6B2-5EFA-4254-97F9-90C515778E73}.Release|Any CPU.ActiveCfg = Release|Any CPU
		{D391C6B2-5EFA-4254-97F9-90C515778E73}.Release|Any CPU.Build.0 = Release|Any CPU
		{8C541ADA-EBDA-4249-8B2F-89A2EAFD677F}.Debug|Any CPU.ActiveCfg = Debug|Any CPU
		{8C541ADA-EBDA-4249-8B2F-89A2EAFD677F}.Debug|Any CPU.Build.0 = Debug|Any CPU
		{8C541ADA-EBDA-4249-8B2F-89A2EAFD677F}.Release|Any CPU.ActiveCfg = Release|Any CPU
		{8C541ADA-EBDA-4249-8B2F-89A2EAFD677F}.Release|Any CPU.Build.0 = Release|Any CPU
		{CD21B2D3-3360-40B4-8AF0-CBF35278573A}.Debug|Any CPU.ActiveCfg = Debug|Any CPU
		{CD21B2D3-3360-40B4-8AF0-CBF35278573A}.Debug|Any CPU.Build.0 = Debug|Any CPU
		{CD21B2D3-3360-40B4-8AF0-CBF35278573A}.Release|Any CPU.ActiveCfg = Release|Any CPU
		{CD21B2D3-3360-40B4-8AF0-CBF35278573A}.Release|Any CPU.Build.0 = Release|Any CPU
		{51FBE892-5B1D-47B5-B3F2-BAC9F5070C31}.Debug|Any CPU.ActiveCfg = Debug|Any CPU
		{51FBE892-5B1D-47B5-B3F2-BAC9F5070C31}.Debug|Any CPU.Build.0 = Debug|Any CPU
		{51FBE892-5B1D-47B5-B3F2-BAC9F5070C31}.Release|Any CPU.ActiveCfg = Release|Any CPU
		{51FBE892-5B1D-47B5-B3F2-BAC9F5070C31}.Release|Any CPU.Build.0 = Release|Any CPU
		{7A277719-019E-4AD0-AAE4-920B941F2C1E}.Debug|Any CPU.ActiveCfg = Debug|Any CPU
		{7A277719-019E-4AD0-AAE4-920B941F2C1E}.Debug|Any CPU.Build.0 = Debug|Any CPU
		{7A277719-019E-4AD0-AAE4-920B941F2C1E}.Release|Any CPU.ActiveCfg = Release|Any CPU
		{7A277719-019E-4AD0-AAE4-920B941F2C1E}.Release|Any CPU.Build.0 = Release|Any CPU
		{B52BC736-F1F7-4246-BA3C-A708C3F23154}.Debug|Any CPU.ActiveCfg = Debug|Any CPU
		{B52BC736-F1F7-4246-BA3C-A708C3F23154}.Debug|Any CPU.Build.0 = Debug|Any CPU
		{B52BC736-F1F7-4246-BA3C-A708C3F23154}.Release|Any CPU.ActiveCfg = Release|Any CPU
		{B52BC736-F1F7-4246-BA3C-A708C3F23154}.Release|Any CPU.Build.0 = Release|Any CPU
		{B4940192-1BD3-4675-96ED-411ACF8E7BA4}.Debug|Any CPU.ActiveCfg = Debug|Any CPU
		{B4940192-1BD3-4675-96ED-411ACF8E7BA4}.Debug|Any CPU.Build.0 = Debug|Any CPU
		{B4940192-1BD3-4675-96ED-411ACF8E7BA4}.Release|Any CPU.ActiveCfg = Release|Any CPU
		{B4940192-1BD3-4675-96ED-411ACF8E7BA4}.Release|Any CPU.Build.0 = Release|Any CPU
		{6872A1D4-D350-484F-A446-B3D71B960256}.Debug|Any CPU.ActiveCfg = Debug|Any CPU
		{6872A1D4-D350-484F-A446-B3D71B960256}.Debug|Any CPU.Build.0 = Debug|Any CPU
		{6872A1D4-D350-484F-A446-B3D71B960256}.Release|Any CPU.ActiveCfg = Release|Any CPU
		{6872A1D4-D350-484F-A446-B3D71B960256}.Release|Any CPU.Build.0 = Release|Any CPU
	EndGlobalSection
	GlobalSection(NestedProjects) = preSolution
		{61BC875F-3E66-4773-8BEB-22F7F539A794} = {A8197779-8370-44AD-9623-0C71960F05E3}
		{D391C6B2-5EFA-4254-97F9-90C515778E73} = {A8197779-8370-44AD-9623-0C71960F05E3}
		{8C541ADA-EBDA-4249-8B2F-89A2EAFD677F} = {9C72912C-6C65-4CB5-B788-3C46502A90AF}
		{CD21B2D3-3360-40B4-8AF0-CBF35278573A} = {9C72912C-6C65-4CB5-B788-3C46502A90AF}
		{51FBE892-5B1D-47B5-B3F2-BAC9F5070C31} = {9C72912C-6C65-4CB5-B788-3C46502A90AF}
		{7A277719-019E-4AD0-AAE4-920B941F2C1E} = {A8197779-8370-44AD-9623-0C71960F05E3}
		{B52BC736-F1F7-4246-BA3C-A708C3F23154} = {C131239C-A584-47CD-AAFA-4AC7337EEE36}
		{B4940192-1BD3-4675-96ED-411ACF8E7BA4} = {C131239C-A584-47CD-AAFA-4AC7337EEE36}
		{6872A1D4-D350-484F-A446-B3D71B960256} = {C131239C-A584-47CD-AAFA-4AC7337EEE36}
	EndGlobalSection
EndGlobal
